# @generated by Move, please check-in and do not edit manually.

[move]
version = 3
manifest_digest = "1A0563C57F8260760B25854D6E98542A0902A6BD1982210C83142C84D32246DC"
deps_digest = "F8BBB0CCB2491CA29A3DF03D6F92277A4F3574266507ACD77214D37ECA3F3082"
dependencies = [
  { id = "Sui", name = "Sui" },
]

[[move.package]]
id = "MoveStdlib"
source = { local = "/home/halil/.move/https___github_com_MystenLabs_sui_git_mainnet-v1.47.0/crates/sui-framework/packages/move-stdlib" }

[[move.package]]
id = "Sui"
source = { local = "/home/halil/.move/https___github_com_MystenLabs_sui_git_mainnet-v1.47.0/crates/sui-framework/packages/sui-framework" }

dependencies = [
  { id = "MoveStdlib", name = "MoveStdlib" },
]

[move.toolchain-version]
compiler-version = "1.47.1"
edition = "2024"
flavor = "sui"
